// !$*UTF8*$!
{
	archiveVersion = 1;
	classes = {
	};
	objectVersion = 46;
	objects = {

/* Begin PBXBuildFile section */
		981219801981B588006D402D /* beargrowl.wav in Resources */ = {isa = PBXBuildFile; fileRef = 9812197C1981B588006D402D /* beargrowl.wav */; };
		981219811981B588006D402D /* birdchirp.wav in Resources */ = {isa = PBXBuildFile; fileRef = 9812197D1981B588006D402D /* birdchirp.wav */; };
		981219821981B588006D402D /* catmeow.wav in Resources */ = {isa = PBXBuildFile; fileRef = 9812197E1981B588006D402D /* catmeow.wav */; };
		981219831981B588006D402D /* catscreech.wav in Resources */ = {isa = PBXBuildFile; fileRef = 9812197F1981B588006D402D /* catscreech.wav */; };
		981F074D1977120D00CED7BB /* Mixer3D.cpp in Sources */ = {isa = PBXBuildFile; fileRef = 981F074C1977120D00CED7BB /* Mixer3D.cpp */; };
		981F07501979ADF500CED7BB /* 1minutetest.wav in Resources */ = {isa = PBXBuildFile; fileRef = 981F074E1979ADF500CED7BB /* 1minutetest.wav */; };
		981F07511979ADF500CED7BB /* 3m40stest.wav in Resources */ = {isa = PBXBuildFile; fileRef = 981F074F1979ADF500CED7BB /* 3m40stest.wav */; };
		98447CFE195269DB002630BF /* complex.cpp in Sources */ = {isa = PBXBuildFile; fileRef = 98447CC2195269DB002630BF /* complex.cpp */; };
		98447D00195269DB002630BF /* fft.cpp in Sources */ = {isa = PBXBuildFile; fileRef = 98447CC4195269DB002630BF /* fft.cpp */; };
		98447D0F19526EBB002630BF /* mit_hrtf_lib.c in Sources */ = {isa = PBXBuildFile; fileRef = 98447D0D19526EBB002630BF /* mit_hrtf_lib.c */; };
		98447D74195372FB002630BF /* input1mono.wav in Resources */ = {isa = PBXBuildFile; fileRef = 98447D73195372FB002630BF /* input1mono.wav */; };
		984CA31919639A4C00614FDB /* velocity.cpp in Sources */ = {isa = PBXBuildFile; fileRef = 984CA31819639A4C00614FDB /* velocity.cpp */; };
		984CA31E19639C0E00614FDB /* AudioObj.cpp in Sources */ = {isa = PBXBuildFile; fileRef = 984CA31A19639C0E00614FDB /* AudioObj.cpp */; };
		984CA31F19639C0E00614FDB /* location.cpp in Sources */ = {isa = PBXBuildFile; fileRef = 984CA31B19639C0E00614FDB /* location.cpp */; };
		984CA32019639C0E00614FDB /* Player.cpp in Sources */ = {isa = PBXBuildFile; fileRef = 984CA31C19639C0E00614FDB /* Player.cpp */; };
		984CA32119639C0E00614FDB /* World.cpp in Sources */ = {isa = PBXBuildFile; fileRef = 984CA31D19639C0E00614FDB /* World.cpp */; };
		986024D9196B514F003DAEF6 /* WavObject.mm in Sources */ = {isa = PBXBuildFile; fileRef = 986024D8196B514F003DAEF6 /* WavObject.mm */; };
		98E872E01947B8BD00DD214A /* Foundation.framework in Frameworks */ = {isa = PBXBuildFile; fileRef = 98E872DF1947B8BD00DD214A /* Foundation.framework */; };
		98E872E21947B8BD00DD214A /* CoreGraphics.framework in Frameworks */ = {isa = PBXBuildFile; fileRef = 98E872E11947B8BD00DD214A /* CoreGraphics.framework */; };
		98E872E41947B8BD00DD214A /* UIKit.framework in Frameworks */ = {isa = PBXBuildFile; fileRef = 98E872E31947B8BD00DD214A /* UIKit.framework */; };
		98E872EA1947B8BD00DD214A /* InfoPlist.strings in Resources */ = {isa = PBXBuildFile; fileRef = 98E872E81947B8BD00DD214A /* InfoPlist.strings */; };
		98E872EC1947B8BD00DD214A /* main.m in Sources */ = {isa = PBXBuildFile; fileRef = 98E872EB1947B8BD00DD214A /* main.m */; };
		98E872F01947B8BD00DD214A /* AppDelegate.m in Sources */ = {isa = PBXBuildFile; fileRef = 98E872EF1947B8BD00DD214A /* AppDelegate.m */; };
		98E872F31947B8BD00DD214A /* Main_iPhone.storyboard in Resources */ = {isa = PBXBuildFile; fileRef = 98E872F11947B8BD00DD214A /* Main_iPhone.storyboard */; };
		98E872F61947B8BD00DD214A /* Main_iPad.storyboard in Resources */ = {isa = PBXBuildFile; fileRef = 98E872F41947B8BD00DD214A /* Main_iPad.storyboard */; };
		98E872F91947B8BD00DD214A /* ViewController.mm in Sources */ = {isa = PBXBuildFile; fileRef = 98E872F81947B8BD00DD214A /* ViewController.mm */; };
		98E872FB1947B8BD00DD214A /* Images.xcassets in Resources */ = {isa = PBXBuildFile; fileRef = 98E872FA1947B8BD00DD214A /* Images.xcassets */; };
		98E873021947B8BE00DD214A /* XCTest.framework in Frameworks */ = {isa = PBXBuildFile; fileRef = 98E873011947B8BE00DD214A /* XCTest.framework */; };
		98E873031947B8BE00DD214A /* Foundation.framework in Frameworks */ = {isa = PBXBuildFile; fileRef = 98E872DF1947B8BD00DD214A /* Foundation.framework */; };
		98E873041947B8BE00DD214A /* UIKit.framework in Frameworks */ = {isa = PBXBuildFile; fileRef = 98E872E31947B8BD00DD214A /* UIKit.framework */; };
		98E8730C1947B8BE00DD214A /* InfoPlist.strings in Resources */ = {isa = PBXBuildFile; fileRef = 98E8730A1947B8BE00DD214A /* InfoPlist.strings */; };
		98E8730E1947B8BE00DD214A /* DemoTests.m in Sources */ = {isa = PBXBuildFile; fileRef = 98E8730D1947B8BE00DD214A /* DemoTests.m */; };
		98E8731D1949042F00DD214A /* CustomAudioUnit.cpp in Sources */ = {isa = PBXBuildFile; fileRef = 98E8731B1949042F00DD214A /* CustomAudioUnit.cpp */; };
		98E87325194A2B3600DD214A /* AudioToolbox.framework in Frameworks */ = {isa = PBXBuildFile; fileRef = 98E87320194A298F00DD214A /* AudioToolbox.framework */; };
/* End PBXBuildFile section */

/* Begin PBXContainerItemProxy section */
		98E873051947B8BE00DD214A /* PBXContainerItemProxy */ = {
			isa = PBXContainerItemProxy;
			containerPortal = 98E872D41947B8BD00DD214A /* Project object */;
			proxyType = 1;
			remoteGlobalIDString = 98E872DB1947B8BD00DD214A;
			remoteInfo = Demo;
		};
/* End PBXContainerItemProxy section */

/* Begin PBXFileReference section */
		9812197C1981B588006D402D /* beargrowl.wav */ = {isa = PBXFileReference; lastKnownFileType = audio.wav; path = beargrowl.wav; sourceTree = "<group>"; };
		9812197D1981B588006D402D /* birdchirp.wav */ = {isa = PBXFileReference; lastKnownFileType = audio.wav; path = birdchirp.wav; sourceTree = "<group>"; };
		9812197E1981B588006D402D /* catmeow.wav */ = {isa = PBXFileReference; lastKnownFileType = audio.wav; path = catmeow.wav; sourceTree = "<group>"; };
		9812197F1981B588006D402D /* catscreech.wav */ = {isa = PBXFileReference; lastKnownFileType = audio.wav; path = catscreech.wav; sourceTree = "<group>"; };
		981F074C1977120D00CED7BB /* Mixer3D.cpp */ = {isa = PBXFileReference; fileEncoding = 4; lastKnownFileType = sourcecode.cpp.cpp; path = Mixer3D.cpp; sourceTree = "<group>"; };
		981F074E1979ADF500CED7BB /* 1minutetest.wav */ = {isa = PBXFileReference; lastKnownFileType = audio.wav; path = 1minutetest.wav; sourceTree = "<group>"; };
		981F074F1979ADF500CED7BB /* 3m40stest.wav */ = {isa = PBXFileReference; lastKnownFileType = audio.wav; path = 3m40stest.wav; sourceTree = "<group>"; };
		98447C9B195269DA002630BF /* complex.h */ = {isa = PBXFileReference; fileEncoding = 4; lastKnownFileType = sourcecode.c.h; path = complex.h; sourceTree = "<group>"; };
		98447C9C195269DA002630BF /* fft.h */ = {isa = PBXFileReference; fileEncoding = 4; lastKnownFileType = sourcecode.c.h; path = fft.h; sourceTree = "<group>"; };
		98447C9D195269DA002630BF /* mit_hrtf_filter.h */ = {isa = PBXFileReference; fileEncoding = 4; lastKnownFileType = sourcecode.c.h; path = mit_hrtf_filter.h; sourceTree = "<group>"; };
		98447C9E195269DA002630BF /* mit_hrtf_lib.h */ = {isa = PBXFileReference; fileEncoding = 4; lastKnownFileType = sourcecode.c.h; path = mit_hrtf_lib.h; sourceTree = "<group>"; };
		98447C9F195269DA002630BF /* Mixer3D.h */ = {isa = PBXFileReference; fileEncoding = 4; lastKnownFileType = sourcecode.c.h; path = Mixer3D.h; sourceTree = "<group>"; };
		98447CB0195269DB002630BF /* mit_hrtf_diffuse_44100.h */ = {isa = PBXFileReference; fileEncoding = 4; lastKnownFileType = sourcecode.c.h; path = mit_hrtf_diffuse_44100.h; sourceTree = "<group>"; };
		98447CB1195269DB002630BF /* mit_hrtf_diffuse_48000.h */ = {isa = PBXFileReference; fileEncoding = 4; lastKnownFileType = sourcecode.c.h; path = mit_hrtf_diffuse_48000.h; sourceTree = "<group>"; };
		98447CB2195269DB002630BF /* mit_hrtf_diffuse_88200.h */ = {isa = PBXFileReference; fileEncoding = 4; lastKnownFileType = sourcecode.c.h; path = mit_hrtf_diffuse_88200.h; sourceTree = "<group>"; };
		98447CB3195269DB002630BF /* mit_hrtf_diffuse_96000.h */ = {isa = PBXFileReference; fileEncoding = 4; lastKnownFileType = sourcecode.c.h; path = mit_hrtf_diffuse_96000.h; sourceTree = "<group>"; };
		98447CB7195269DB002630BF /* mit_hrtf_normal_44100.h */ = {isa = PBXFileReference; fileEncoding = 4; lastKnownFileType = sourcecode.c.h; path = mit_hrtf_normal_44100.h; sourceTree = "<group>"; };
		98447CB8195269DB002630BF /* mit_hrtf_normal_48000.h */ = {isa = PBXFileReference; fileEncoding = 4; lastKnownFileType = sourcecode.c.h; path = mit_hrtf_normal_48000.h; sourceTree = "<group>"; };
		98447CB9195269DB002630BF /* mit_hrtf_normal_88200.h */ = {isa = PBXFileReference; fileEncoding = 4; lastKnownFileType = sourcecode.c.h; path = mit_hrtf_normal_88200.h; sourceTree = "<group>"; };
		98447CBA195269DB002630BF /* mit_hrtf_normal_96000.h */ = {isa = PBXFileReference; fileEncoding = 4; lastKnownFileType = sourcecode.c.h; path = mit_hrtf_normal_96000.h; sourceTree = "<group>"; };
		98447CC2195269DB002630BF /* complex.cpp */ = {isa = PBXFileReference; fileEncoding = 4; lastKnownFileType = sourcecode.cpp.cpp; path = complex.cpp; sourceTree = "<group>"; };
		98447CC4195269DB002630BF /* fft.cpp */ = {isa = PBXFileReference; fileEncoding = 4; lastKnownFileType = sourcecode.cpp.cpp; path = fft.cpp; sourceTree = "<group>"; };
		98447D0D19526EBB002630BF /* mit_hrtf_lib.c */ = {isa = PBXFileReference; fileEncoding = 4; lastKnownFileType = sourcecode.c.c; path = mit_hrtf_lib.c; sourceTree = "<group>"; };
		98447D73195372FB002630BF /* input1mono.wav */ = {isa = PBXFileReference; lastKnownFileType = audio.wav; path = input1mono.wav; sourceTree = "<group>"; };
		984CA30E1963669000614FDB /* AudioObj.h */ = {isa = PBXFileReference; fileEncoding = 4; lastKnownFileType = sourcecode.c.h; path = AudioObj.h; sourceTree = "<group>"; };
		984CA30F1963669000614FDB /* location.h */ = {isa = PBXFileReference; fileEncoding = 4; lastKnownFileType = sourcecode.c.h; path = location.h; sourceTree = "<group>"; };
		984CA3101963669000614FDB /* Player.h */ = {isa = PBXFileReference; fileEncoding = 4; lastKnownFileType = sourcecode.c.h; path = Player.h; sourceTree = "<group>"; };
		984CA3111963669000614FDB /* velocity.h */ = {isa = PBXFileReference; fileEncoding = 4; lastKnownFileType = sourcecode.c.h; path = velocity.h; sourceTree = "<group>"; };
		984CA3121963669000614FDB /* World.h */ = {isa = PBXFileReference; fileEncoding = 4; lastKnownFileType = sourcecode.c.h; path = World.h; sourceTree = "<group>"; };
		984CA31819639A4C00614FDB /* velocity.cpp */ = {isa = PBXFileReference; fileEncoding = 4; lastKnownFileType = sourcecode.cpp.cpp; path = velocity.cpp; sourceTree = "<group>"; };
		984CA31A19639C0E00614FDB /* AudioObj.cpp */ = {isa = PBXFileReference; fileEncoding = 4; lastKnownFileType = sourcecode.cpp.cpp; path = AudioObj.cpp; sourceTree = "<group>"; };
		984CA31B19639C0E00614FDB /* location.cpp */ = {isa = PBXFileReference; fileEncoding = 4; lastKnownFileType = sourcecode.cpp.cpp; path = location.cpp; sourceTree = "<group>"; };
		984CA31C19639C0E00614FDB /* Player.cpp */ = {isa = PBXFileReference; fileEncoding = 4; lastKnownFileType = sourcecode.cpp.cpp; path = Player.cpp; sourceTree = "<group>"; };
		984CA31D19639C0E00614FDB /* World.cpp */ = {isa = PBXFileReference; fileEncoding = 4; lastKnownFileType = sourcecode.cpp.cpp; path = World.cpp; sourceTree = "<group>"; };
		986024D7196B50BD003DAEF6 /* WavObject.h */ = {isa = PBXFileReference; fileEncoding = 4; lastKnownFileType = sourcecode.c.h; path = WavObject.h; sourceTree = "<group>"; };
		986024D8196B514F003DAEF6 /* WavObject.mm */ = {isa = PBXFileReference; fileEncoding = 4; lastKnownFileType = sourcecode.cpp.objcpp; path = WavObject.mm; sourceTree = "<group>"; };
		98B409861965E8BB009E9A82 /* CircBuff.h */ = {isa = PBXFileReference; fileEncoding = 4; lastKnownFileType = sourcecode.c.h; path = CircBuff.h; sourceTree = "<group>"; };
		98E872DC1947B8BD00DD214A /* Demo.app */ = {isa = PBXFileReference; explicitFileType = wrapper.application; includeInIndex = 0; path = Demo.app; sourceTree = BUILT_PRODUCTS_DIR; };
		98E872DF1947B8BD00DD214A /* Foundation.framework */ = {isa = PBXFileReference; lastKnownFileType = wrapper.framework; name = Foundation.framework; path = System/Library/Frameworks/Foundation.framework; sourceTree = SDKROOT; };
		98E872E11947B8BD00DD214A /* CoreGraphics.framework */ = {isa = PBXFileReference; lastKnownFileType = wrapper.framework; name = CoreGraphics.framework; path = System/Library/Frameworks/CoreGraphics.framework; sourceTree = SDKROOT; };
		98E872E31947B8BD00DD214A /* UIKit.framework */ = {isa = PBXFileReference; lastKnownFileType = wrapper.framework; name = UIKit.framework; path = System/Library/Frameworks/UIKit.framework; sourceTree = SDKROOT; };
		98E872E71947B8BD00DD214A /* Demo-Info.plist */ = {isa = PBXFileReference; lastKnownFileType = text.plist.xml; path = "Demo-Info.plist"; sourceTree = "<group>"; };
		98E872E91947B8BD00DD214A /* en */ = {isa = PBXFileReference; lastKnownFileType = text.plist.strings; name = en; path = en.lproj/InfoPlist.strings; sourceTree = "<group>"; };
		98E872EB1947B8BD00DD214A /* main.m */ = {isa = PBXFileReference; lastKnownFileType = sourcecode.c.objc; path = main.m; sourceTree = "<group>"; };
		98E872ED1947B8BD00DD214A /* Demo-Prefix.pch */ = {isa = PBXFileReference; lastKnownFileType = sourcecode.c.h; path = "Demo-Prefix.pch"; sourceTree = "<group>"; };
		98E872EE1947B8BD00DD214A /* AppDelegate.h */ = {isa = PBXFileReference; lastKnownFileType = sourcecode.c.h; path = AppDelegate.h; sourceTree = "<group>"; };
		98E872EF1947B8BD00DD214A /* AppDelegate.m */ = {isa = PBXFileReference; lastKnownFileType = sourcecode.c.objc; path = AppDelegate.m; sourceTree = "<group>"; };
		98E872F21947B8BD00DD214A /* Base */ = {isa = PBXFileReference; lastKnownFileType = file.storyboard; name = Base; path = Base.lproj/Main_iPhone.storyboard; sourceTree = "<group>"; };
		98E872F51947B8BD00DD214A /* Base */ = {isa = PBXFileReference; lastKnownFileType = file.storyboard; name = Base; path = Base.lproj/Main_iPad.storyboard; sourceTree = "<group>"; };
		98E872F71947B8BD00DD214A /* ViewController.h */ = {isa = PBXFileReference; lastKnownFileType = sourcecode.c.h; path = ViewController.h; sourceTree = "<group>"; };
		98E872F81947B8BD00DD214A /* ViewController.mm */ = {isa = PBXFileReference; lastKnownFileType = sourcecode.cpp.objcpp; path = ViewController.mm; sourceTree = "<group>"; };
		98E872FA1947B8BD00DD214A /* Images.xcassets */ = {isa = PBXFileReference; lastKnownFileType = folder.assetcatalog; path = Images.xcassets; sourceTree = "<group>"; };
		98E873001947B8BD00DD214A /* DemoTests.xctest */ = {isa = PBXFileReference; explicitFileType = wrapper.cfbundle; includeInIndex = 0; path = DemoTests.xctest; sourceTree = BUILT_PRODUCTS_DIR; };
		98E873011947B8BE00DD214A /* XCTest.framework */ = {isa = PBXFileReference; lastKnownFileType = wrapper.framework; name = XCTest.framework; path = Library/Frameworks/XCTest.framework; sourceTree = DEVELOPER_DIR; };
		98E873091947B8BE00DD214A /* DemoTests-Info.plist */ = {isa = PBXFileReference; lastKnownFileType = text.plist.xml; path = "DemoTests-Info.plist"; sourceTree = "<group>"; };
		98E8730B1947B8BE00DD214A /* en */ = {isa = PBXFileReference; lastKnownFileType = text.plist.strings; name = en; path = en.lproj/InfoPlist.strings; sourceTree = "<group>"; };
		98E8730D1947B8BE00DD214A /* DemoTests.m */ = {isa = PBXFileReference; lastKnownFileType = sourcecode.c.objc; path = DemoTests.m; sourceTree = "<group>"; };
		98E873191948F69900DD214A /* AudioUnit.framework */ = {isa = PBXFileReference; lastKnownFileType = wrapper.framework; name = AudioUnit.framework; path = System/Library/Frameworks/AudioUnit.framework; sourceTree = SDKROOT; };
		98E8731B1949042F00DD214A /* CustomAudioUnit.cpp */ = {isa = PBXFileReference; fileEncoding = 4; lastKnownFileType = sourcecode.cpp.cpp; path = CustomAudioUnit.cpp; sourceTree = "<group>"; };
		98E8731C1949042F00DD214A /* CustomAudioUnit.h */ = {isa = PBXFileReference; fileEncoding = 4; lastKnownFileType = sourcecode.c.h; path = CustomAudioUnit.h; sourceTree = "<group>"; };
		98E8731E1949240400DD214A /* CoreData.framework */ = {isa = PBXFileReference; lastKnownFileType = wrapper.framework; name = CoreData.framework; path = System/Library/Frameworks/CoreData.framework; sourceTree = SDKROOT; };
		98E87320194A298F00DD214A /* AudioToolbox.framework */ = {isa = PBXFileReference; lastKnownFileType = wrapper.framework; name = AudioToolbox.framework; path = System/Library/Frameworks/AudioToolbox.framework; sourceTree = SDKROOT; };
		98E87322194A299E00DD214A /* CoreAudio.framework */ = {isa = PBXFileReference; lastKnownFileType = wrapper.framework; name = CoreAudio.framework; path = System/Library/Frameworks/CoreAudio.framework; sourceTree = SDKROOT; };
/* End PBXFileReference section */

/* Begin PBXFrameworksBuildPhase section */
		98E872D91947B8BD00DD214A /* Frameworks */ = {
			isa = PBXFrameworksBuildPhase;
			buildActionMask = 2147483647;
			files = (
				98E87325194A2B3600DD214A /* AudioToolbox.framework in Frameworks */,
				98E872E21947B8BD00DD214A /* CoreGraphics.framework in Frameworks */,
				98E872E41947B8BD00DD214A /* UIKit.framework in Frameworks */,
				98E872E01947B8BD00DD214A /* Foundation.framework in Frameworks */,
			);
			runOnlyForDeploymentPostprocessing = 0;
		};
		98E872FD1947B8BD00DD214A /* Frameworks */ = {
			isa = PBXFrameworksBuildPhase;
			buildActionMask = 2147483647;
			files = (
				98E873021947B8BE00DD214A /* XCTest.framework in Frameworks */,
				98E873041947B8BE00DD214A /* UIKit.framework in Frameworks */,
				98E873031947B8BE00DD214A /* Foundation.framework in Frameworks */,
			);
			runOnlyForDeploymentPostprocessing = 0;
		};
/* End PBXFrameworksBuildPhase section */

/* Begin PBXGroup section */
		98447C97195269DA002630BF /* include */ = {
			isa = PBXGroup;
			children = (
				98B409861965E8BB009E9A82 /* CircBuff.h */,
				984CA30E1963669000614FDB /* AudioObj.h */,
				984CA30F1963669000614FDB /* location.h */,
				984CA3101963669000614FDB /* Player.h */,
				984CA3111963669000614FDB /* velocity.h */,
				984CA3121963669000614FDB /* World.h */,
				98447C9B195269DA002630BF /* complex.h */,
				98447C9C195269DA002630BF /* fft.h */,
				98447C9D195269DA002630BF /* mit_hrtf_filter.h */,
				98447C9E195269DA002630BF /* mit_hrtf_lib.h */,
				98447C9F195269DA002630BF /* Mixer3D.h */,
				986024D7196B50BD003DAEF6 /* WavObject.h */,
			);
			path = include;
			sourceTree = "<group>";
		};
		98447CA3195269DA002630BF /* MIT_HRTF_Library */ = {
			isa = PBXGroup;
			children = (
				98447CAE195269DB002630BF /* source */,
			);
			path = MIT_HRTF_Library;
			sourceTree = "<group>";
		};
		98447CAE195269DB002630BF /* source */ = {
			isa = PBXGroup;
			children = (
				98447CAF195269DB002630BF /* diffuse */,
				98447CB6195269DB002630BF /* normal */,
			);
			path = source;
			sourceTree = "<group>";
		};
		98447CAF195269DB002630BF /* diffuse */ = {
			isa = PBXGroup;
			children = (
				98447CB0195269DB002630BF /* mit_hrtf_diffuse_44100.h */,
				98447CB1195269DB002630BF /* mit_hrtf_diffuse_48000.h */,
				98447CB2195269DB002630BF /* mit_hrtf_diffuse_88200.h */,
				98447CB3195269DB002630BF /* mit_hrtf_diffuse_96000.h */,
			);
			path = diffuse;
			sourceTree = "<group>";
		};
		98447CB6195269DB002630BF /* normal */ = {
			isa = PBXGroup;
			children = (
				98447CB7195269DB002630BF /* mit_hrtf_normal_44100.h */,
				98447CB8195269DB002630BF /* mit_hrtf_normal_48000.h */,
				98447CB9195269DB002630BF /* mit_hrtf_normal_88200.h */,
				98447CBA195269DB002630BF /* mit_hrtf_normal_96000.h */,
			);
			path = normal;
			sourceTree = "<group>";
		};
		98447CC0195269DB002630BF /* source */ = {
			isa = PBXGroup;
			children = (
				981F074C1977120D00CED7BB /* Mixer3D.cpp */,
				984CA31A19639C0E00614FDB /* AudioObj.cpp */,
				984CA31B19639C0E00614FDB /* location.cpp */,
				984CA31C19639C0E00614FDB /* Player.cpp */,
				984CA31D19639C0E00614FDB /* World.cpp */,
				984CA31819639A4C00614FDB /* velocity.cpp */,
				98447D0D19526EBB002630BF /* mit_hrtf_lib.c */,
				98447CC2195269DB002630BF /* complex.cpp */,
				98447CC4195269DB002630BF /* fft.cpp */,
				986024D8196B514F003DAEF6 /* WavObject.mm */,
			);
			path = source;
			sourceTree = "<group>";
		};
		98447D6F19536DC5002630BF /* InputData */ = {
			isa = PBXGroup;
			children = (
				9812197C1981B588006D402D /* beargrowl.wav */,
				9812197D1981B588006D402D /* birdchirp.wav */,
				9812197E1981B588006D402D /* catmeow.wav */,
				9812197F1981B588006D402D /* catscreech.wav */,
				981F074E1979ADF500CED7BB /* 1minutetest.wav */,
				981F074F1979ADF500CED7BB /* 3m40stest.wav */,
				98447D73195372FB002630BF /* input1mono.wav */,
			);
			path = InputData;
			sourceTree = "<group>";
		};
		98E872D31947B8BD00DD214A = {
			isa = PBXGroup;
			children = (
				98E872E51947B8BD00DD214A /* Demo */,
				98E873071947B8BE00DD214A /* DemoTests */,
				98E872DE1947B8BD00DD214A /* Frameworks */,
				98E872DD1947B8BD00DD214A /* Products */,
			);
			sourceTree = "<group>";
		};
		98E872DD1947B8BD00DD214A /* Products */ = {
			isa = PBXGroup;
			children = (
				98E872DC1947B8BD00DD214A /* Demo.app */,
				98E873001947B8BD00DD214A /* DemoTests.xctest */,
			);
			name = Products;
			sourceTree = "<group>";
		};
		98E872DE1947B8BD00DD214A /* Frameworks */ = {
			isa = PBXGroup;
			children = (
				98E87322194A299E00DD214A /* CoreAudio.framework */,
				98E87320194A298F00DD214A /* AudioToolbox.framework */,
				98E8731E1949240400DD214A /* CoreData.framework */,
				98E873191948F69900DD214A /* AudioUnit.framework */,
				98E872DF1947B8BD00DD214A /* Foundation.framework */,
				98E872E11947B8BD00DD214A /* CoreGraphics.framework */,
				98E872E31947B8BD00DD214A /* UIKit.framework */,
				98E873011947B8BE00DD214A /* XCTest.framework */,
			);
			name = Frameworks;
			sourceTree = "<group>";
		};
		98E872E51947B8BD00DD214A /* Demo */ = {
			isa = PBXGroup;
			children = (
				98447D6F19536DC5002630BF /* InputData */,
				98447C97195269DA002630BF /* include */,
				98447CA3195269DA002630BF /* MIT_HRTF_Library */,
				98447CC0195269DB002630BF /* source */,
				98E872EE1947B8BD00DD214A /* AppDelegate.h */,
				98E872EF1947B8BD00DD214A /* AppDelegate.m */,
				98E872F11947B8BD00DD214A /* Main_iPhone.storyboard */,
				98E872F41947B8BD00DD214A /* Main_iPad.storyboard */,
				98E872F71947B8BD00DD214A /* ViewController.h */,
				98E872F81947B8BD00DD214A /* ViewController.mm */,
				98E8731B1949042F00DD214A /* CustomAudioUnit.cpp */,
				98E8731C1949042F00DD214A /* CustomAudioUnit.h */,
				98E872FA1947B8BD00DD214A /* Images.xcassets */,
				98E872E61947B8BD00DD214A /* Supporting Files */,
			);
			path = Demo;
			sourceTree = "<group>";
		};
		98E872E61947B8BD00DD214A /* Supporting Files */ = {
			isa = PBXGroup;
			children = (
				98E872E71947B8BD00DD214A /* Demo-Info.plist */,
				98E872E81947B8BD00DD214A /* InfoPlist.strings */,
				98E872EB1947B8BD00DD214A /* main.m */,
				98E872ED1947B8BD00DD214A /* Demo-Prefix.pch */,
			);
			name = "Supporting Files";
			sourceTree = "<group>";
		};
		98E873071947B8BE00DD214A /* DemoTests */ = {
			isa = PBXGroup;
			children = (
				98E8730D1947B8BE00DD214A /* DemoTests.m */,
				98E873081947B8BE00DD214A /* Supporting Files */,
			);
			path = DemoTests;
			sourceTree = "<group>";
		};
		98E873081947B8BE00DD214A /* Supporting Files */ = {
			isa = PBXGroup;
			children = (
				98E873091947B8BE00DD214A /* DemoTests-Info.plist */,
				98E8730A1947B8BE00DD214A /* InfoPlist.strings */,
			);
			name = "Supporting Files";
			sourceTree = "<group>";
		};
/* End PBXGroup section */

/* Begin PBXNativeTarget section */
		98E872DB1947B8BD00DD214A /* Demo */ = {
			isa = PBXNativeTarget;
			buildConfigurationList = 98E873111947B8BE00DD214A /* Build configuration list for PBXNativeTarget "Demo" */;
			buildPhases = (
				98E872D81947B8BD00DD214A /* Sources */,
				98E872D91947B8BD00DD214A /* Frameworks */,
				98E872DA1947B8BD00DD214A /* Resources */,
			);
			buildRules = (
			);
			dependencies = (
			);
			name = Demo;
			productName = Demo;
			productReference = 98E872DC1947B8BD00DD214A /* Demo.app */;
			productType = "com.apple.product-type.application";
		};
		98E872FF1947B8BD00DD214A /* DemoTests */ = {
			isa = PBXNativeTarget;
			buildConfigurationList = 98E873141947B8BE00DD214A /* Build configuration list for PBXNativeTarget "DemoTests" */;
			buildPhases = (
				98E872FC1947B8BD00DD214A /* Sources */,
				98E872FD1947B8BD00DD214A /* Frameworks */,
				98E872FE1947B8BD00DD214A /* Resources */,
			);
			buildRules = (
			);
			dependencies = (
				98E873061947B8BE00DD214A /* PBXTargetDependency */,
			);
			name = DemoTests;
			productName = DemoTests;
			productReference = 98E873001947B8BD00DD214A /* DemoTests.xctest */;
			productType = "com.apple.product-type.bundle.unit-test";
		};
/* End PBXNativeTarget section */

/* Begin PBXProject section */
		98E872D41947B8BD00DD214A /* Project object */ = {
			isa = PBXProject;
			attributes = {
				LastUpgradeCheck = 0510;
				ORGANIZATIONNAME = "Philadelphia Game Lab";
				TargetAttributes = {
					98E872DB1947B8BD00DD214A = {
						DevelopmentTeam = CE4KW5FNQ4;
					};
					98E872FF1947B8BD00DD214A = {
						TestTargetID = 98E872DB1947B8BD00DD214A;
					};
				};
			};
			buildConfigurationList = 98E872D71947B8BD00DD214A /* Build configuration list for PBXProject "Demo" */;
			compatibilityVersion = "Xcode 3.2";
			developmentRegion = English;
			hasScannedForEncodings = 0;
			knownRegions = (
				en,
				Base,
			);
			mainGroup = 98E872D31947B8BD00DD214A;
			productRefGroup = 98E872DD1947B8BD00DD214A /* Products */;
			projectDirPath = "";
			projectRoot = "";
			targets = (
				98E872DB1947B8BD00DD214A /* Demo */,
				98E872FF1947B8BD00DD214A /* DemoTests */,
			);
		};
/* End PBXProject section */

/* Begin PBXResourcesBuildPhase section */
		98E872DA1947B8BD00DD214A /* Resources */ = {
			isa = PBXResourcesBuildPhase;
			buildActionMask = 2147483647;
			files = (
				981F07511979ADF500CED7BB /* 3m40stest.wav in Resources */,
				981219821981B588006D402D /* catmeow.wav in Resources */,
				981F07501979ADF500CED7BB /* 1minutetest.wav in Resources */,
				98E872F61947B8BD00DD214A /* Main_iPad.storyboard in Resources */,
				98E872FB1947B8BD00DD214A /* Images.xcassets in Resources */,
				98E872F31947B8BD00DD214A /* Main_iPhone.storyboard in Resources */,
				98447D74195372FB002630BF /* input1mono.wav in Resources */,
				981219801981B588006D402D /* beargrowl.wav in Resources */,
				981219811981B588006D402D /* birdchirp.wav in Resources */,
				981219831981B588006D402D /* catscreech.wav in Resources */,
				98E872EA1947B8BD00DD214A /* InfoPlist.strings in Resources */,
			);
			runOnlyForDeploymentPostprocessing = 0;
		};
		98E872FE1947B8BD00DD214A /* Resources */ = {
			isa = PBXResourcesBuildPhase;
			buildActionMask = 2147483647;
			files = (
				98E8730C1947B8BE00DD214A /* InfoPlist.strings in Resources */,
			);
			runOnlyForDeploymentPostprocessing = 0;
		};
/* End PBXResourcesBuildPhase section */

/* Begin PBXSourcesBuildPhase section */
		98E872D81947B8BD00DD214A /* Sources */ = {
			isa = PBXSourcesBuildPhase;
			buildActionMask = 2147483647;
			files = (
				981F074D1977120D00CED7BB /* Mixer3D.cpp in Sources */,
				98E872F91947B8BD00DD214A /* ViewController.mm in Sources */,
				984CA31E19639C0E00614FDB /* AudioObj.cpp in Sources */,
				98E872F01947B8BD00DD214A /* AppDelegate.m in Sources */,
				98447D0F19526EBB002630BF /* mit_hrtf_lib.c in Sources */,
				98447D00195269DB002630BF /* fft.cpp in Sources */,
				98E8731D1949042F00DD214A /* CustomAudioUnit.cpp in Sources */,
				986024D9196B514F003DAEF6 /* WavObject.mm in Sources */,
				984CA31919639A4C00614FDB /* velocity.cpp in Sources */,
				984CA32119639C0E00614FDB /* World.cpp in Sources */,
				984CA32019639C0E00614FDB /* Player.cpp in Sources */,
				98447CFE195269DB002630BF /* complex.cpp in Sources */,
				984CA31F19639C0E00614FDB /* location.cpp in Sources */,
				98E872EC1947B8BD00DD214A /* main.m in Sources */,
			);
			runOnlyForDeploymentPostprocessing = 0;
		};
		98E872FC1947B8BD00DD214A /* Sources */ = {
			isa = PBXSourcesBuildPhase;
			buildActionMask = 2147483647;
			files = (
				98E8730E1947B8BE00DD214A /* DemoTests.m in Sources */,
			);
			runOnlyForDeploymentPostprocessing = 0;
		};
/* End PBXSourcesBuildPhase section */

/* Begin PBXTargetDependency section */
		98E873061947B8BE00DD214A /* PBXTargetDependency */ = {
			isa = PBXTargetDependency;
			target = 98E872DB1947B8BD00DD214A /* Demo */;
			targetProxy = 98E873051947B8BE00DD214A /* PBXContainerItemProxy */;
		};
/* End PBXTargetDependency section */

/* Begin PBXVariantGroup section */
		98E872E81947B8BD00DD214A /* InfoPlist.strings */ = {
			isa = PBXVariantGroup;
			children = (
				98E872E91947B8BD00DD214A /* en */,
			);
			name = InfoPlist.strings;
			sourceTree = "<group>";
		};
		98E872F11947B8BD00DD214A /* Main_iPhone.storyboard */ = {
			isa = PBXVariantGroup;
			children = (
				98E872F21947B8BD00DD214A /* Base */,
			);
			name = Main_iPhone.storyboard;
			sourceTree = "<group>";
		};
		98E872F41947B8BD00DD214A /* Main_iPad.storyboard */ = {
			isa = PBXVariantGroup;
			children = (
				98E872F51947B8BD00DD214A /* Base */,
			);
			name = Main_iPad.storyboard;
			sourceTree = "<group>";
		};
		98E8730A1947B8BE00DD214A /* InfoPlist.strings */ = {
			isa = PBXVariantGroup;
			children = (
				98E8730B1947B8BE00DD214A /* en */,
			);
			name = InfoPlist.strings;
			sourceTree = "<group>";
		};
/* End PBXVariantGroup section */

/* Begin XCBuildConfiguration section */
		98E8730F1947B8BE00DD214A /* Debug */ = {
			isa = XCBuildConfiguration;
			buildSettings = {
				ALWAYS_SEARCH_USER_PATHS = NO;
				CLANG_CXX_LANGUAGE_STANDARD = "gnu++0x";
				CLANG_CXX_LIBRARY = "libc++";
				CLANG_ENABLE_MODULES = YES;
				CLANG_ENABLE_OBJC_ARC = YES;
				CLANG_WARN_BOOL_CONVERSION = YES;
				CLANG_WARN_CONSTANT_CONVERSION = YES;
				CLANG_WARN_DIRECT_OBJC_ISA_USAGE = YES_ERROR;
				CLANG_WARN_EMPTY_BODY = YES;
				CLANG_WARN_ENUM_CONVERSION = YES;
				CLANG_WARN_INT_CONVERSION = YES;
				CLANG_WARN_OBJC_ROOT_CLASS = YES_ERROR;
				CLANG_WARN__DUPLICATE_METHOD_MATCH = YES;
				"CODE_SIGN_IDENTITY[sdk=iphoneos*]" = "iPhone Developer";
				COPY_PHASE_STRIP = NO;
				GCC_C_LANGUAGE_STANDARD = gnu99;
				GCC_DYNAMIC_NO_PIC = NO;
				GCC_OPTIMIZATION_LEVEL = 0;
				GCC_PREPROCESSOR_DEFINITIONS = (
					"DEBUG=1",
					"$(inherited)",
				);
				GCC_SYMBOLS_PRIVATE_EXTERN = NO;
				GCC_WARN_64_TO_32_BIT_CONVERSION = YES;
				GCC_WARN_ABOUT_RETURN_TYPE = YES_ERROR;
				GCC_WARN_UNDECLARED_SELECTOR = YES;
				GCC_WARN_UNINITIALIZED_AUTOS = YES_AGGRESSIVE;
				GCC_WARN_UNUSED_FUNCTION = YES;
				GCC_WARN_UNUSED_VARIABLE = YES;
				IPHONEOS_DEPLOYMENT_TARGET = 8.0;
				ONLY_ACTIVE_ARCH = YES;
				SDKROOT = iphoneos;
				TARGETED_DEVICE_FAMILY = "1,2";
			};
			name = Debug;
		};
		98E873101947B8BE00DD214A /* Release */ = {
			isa = XCBuildConfiguration;
			buildSettings = {
				ALWAYS_SEARCH_USER_PATHS = NO;
				CLANG_CXX_LANGUAGE_STANDARD = "gnu++0x";
				CLANG_CXX_LIBRARY = "libc++";
				CLANG_ENABLE_MODULES = YES;
				CLANG_ENABLE_OBJC_ARC = YES;
				CLANG_WARN_BOOL_CONVERSION = YES;
				CLANG_WARN_CONSTANT_CONVERSION = YES;
				CLANG_WARN_DIRECT_OBJC_ISA_USAGE = YES_ERROR;
				CLANG_WARN_EMPTY_BODY = YES;
				CLANG_WARN_ENUM_CONVERSION = YES;
				CLANG_WARN_INT_CONVERSION = YES;
				CLANG_WARN_OBJC_ROOT_CLASS = YES_ERROR;
				CLANG_WARN__DUPLICATE_METHOD_MATCH = YES;
				"CODE_SIGN_IDENTITY[sdk=iphoneos*]" = "iPhone Developer";
				COPY_PHASE_STRIP = YES;
				ENABLE_NS_ASSERTIONS = NO;
				GCC_C_LANGUAGE_STANDARD = gnu99;
				GCC_WARN_64_TO_32_BIT_CONVERSION = YES;
				GCC_WARN_ABOUT_RETURN_TYPE = YES_ERROR;
				GCC_WARN_UNDECLARED_SELECTOR = YES;
				GCC_WARN_UNINITIALIZED_AUTOS = YES_AGGRESSIVE;
				GCC_WARN_UNUSED_FUNCTION = YES;
				GCC_WARN_UNUSED_VARIABLE = YES;
				IPHONEOS_DEPLOYMENT_TARGET = 8.0;
				SDKROOT = iphoneos;
				TARGETED_DEVICE_FAMILY = "1,2";
				VALIDATE_PRODUCT = YES;
			};
			name = Release;
		};
		98E873121947B8BE00DD214A /* Debug */ = {
			isa = XCBuildConfiguration;
			buildSettings = {
				ASSETCATALOG_COMPILER_APPICON_NAME = AppIcon;
				ASSETCATALOG_COMPILER_LAUNCHIMAGE_NAME = LaunchImage;
				CODE_SIGN_IDENTITY = "iPhone Developer";
				"CODE_SIGN_IDENTITY[sdk=iphoneos*]" = "iPhone Developer";
				GCC_PRECOMPILE_PREFIX_HEADER = YES;
				GCC_PREFIX_HEADER = "Demo/Demo-Prefix.pch";
				INFOPLIST_FILE = "Demo/Demo-Info.plist";
				PRODUCT_NAME = "$(TARGET_NAME)";
				PROVISIONING_PROFILE = "";
				WRAPPER_EXTENSION = app;
			};
			name = Debug;
		};
		98E873131947B8BE00DD214A /* Release */ = {
			isa = XCBuildConfiguration;
			buildSettings = {
				ASSETCATALOG_COMPILER_APPICON_NAME = AppIcon;
				ASSETCATALOG_COMPILER_LAUNCHIMAGE_NAME = LaunchImage;
				CODE_SIGN_IDENTITY = "iPhone Developer";
				"CODE_SIGN_IDENTITY[sdk=iphoneos*]" = "iPhone Developer";
				GCC_PRECOMPILE_PREFIX_HEADER = YES;
				GCC_PREFIX_HEADER = "Demo/Demo-Prefix.pch";
				INFOPLIST_FILE = "Demo/Demo-Info.plist";
				PRODUCT_NAME = "$(TARGET_NAME)";
				PROVISIONING_PROFILE = "";
				WRAPPER_EXTENSION = app;
			};
			name = Release;
		};
		98E873151947B8BE00DD214A /* Debug */ = {
			isa = XCBuildConfiguration;
			buildSettings = {
				BUNDLE_LOADER = "$(BUILT_PRODUCTS_DIR)/Demo.app/Demo";
				FRAMEWORK_SEARCH_PATHS = (
					"$(SDKROOT)/Developer/Library/Frameworks",
					"$(inherited)",
					"$(DEVELOPER_FRAMEWORKS_DIR)",
				);
				GCC_PRECOMPILE_PREFIX_HEADER = YES;
				GCC_PREFIX_HEADER = "Demo/Demo-Prefix.pch";
				GCC_PREPROCESSOR_DEFINITIONS = (
					"DEBUG=1",
					"$(inherited)",
				);
				INFOPLIST_FILE = "DemoTests/DemoTests-Info.plist";
				PRODUCT_NAME = "$(TARGET_NAME)";
				TEST_HOST = "$(BUNDLE_LOADER)";
				WRAPPER_EXTENSION = xctest;
			};
			name = Debug;
		};
		98E873161947B8BE00DD214A /* Release */ = {
			isa = XCBuildConfiguration;
			buildSettings = {
				BUNDLE_LOADER = "$(BUILT_PRODUCTS_DIR)/Demo.app/Demo";
				FRAMEWORK_SEARCH_PATHS = (
					"$(SDKROOT)/Developer/Library/Frameworks",
					"$(inherited)",
					"$(DEVELOPER_FRAMEWORKS_DIR)",
				);
				GCC_PRECOMPILE_PREFIX_HEADER = YES;
				GCC_PREFIX_HEADER = "Demo/Demo-Prefix.pch";
				INFOPLIST_FILE = "DemoTests/DemoTests-Info.plist";
				PRODUCT_NAME = "$(TARGET_NAME)";
				TEST_HOST = "$(BUNDLE_LOADER)";
				WRAPPER_EXTENSION = xctest;
			};
			name = Release;
		};
/* End XCBuildConfiguration section */

/* Begin XCConfigurationList section */
		98E872D71947B8BD00DD214A /* Build configuration list for PBXProject "Demo" */ = {
			isa = XCConfigurationList;
			buildConfigurations = (
				98E8730F1947B8BE00DD214A /* Debug */,
				98E873101947B8BE00DD214A /* Release */,
			);
			defaultConfigurationIsVisible = 0;
			defaultConfigurationName = Release;
		};
		98E873111947B8BE00DD214A /* Build configuration list for PBXNativeTarget "Demo" */ = {
			isa = XCConfigurationList;
			buildConfigurations = (
				98E873121947B8BE00DD214A /* Debug */,
				98E873131947B8BE00DD214A /* Release */,
			);
			defaultConfigurationIsVisible = 0;
			defaultConfigurationName = Release;
		};
		98E873141947B8BE00DD214A /* Build configuration list for PBXNativeTarget "DemoTests" */ = {
			isa = XCConfigurationList;
			buildConfigurations = (
				98E873151947B8BE00DD214A /* Debug */,
				98E873161947B8BE00DD214A /* Release */,
			);
			defaultConfigurationIsVisible = 0;
			defaultConfigurationName = Release;
		};
/* End XCConfigurationList section */
	};
	rootObject = 98E872D41947B8BD00DD214A /* Project object */;
}
