
Microsoft Visual Studio Solution File, Format Version 12.00
# Visual Studio 2012
Project("{8BC9CEB8-8B4A-11D0-8D11-00A0C91BC942}") = "AudioOperations", "AudioOperations\AudioOperations.vcxproj", "{FE82A546-B0F9-4986-892D-7869880845CD}"
EndProject
Global
	GlobalSection(SolutionConfigurationPlatforms) = preSolution
		Debug|Win32 = Debug|Win32
		Release|Win32 = Release|Win32
	EndGlobalSection
	GlobalSection(ProjectConfigurationPlatforms) = postSolution
		{FE82A546-B0F9-4986-892D-7869880845CD}.Debug|Win32.ActiveCfg = Debug|Win32
		{FE82A546-B0F9-4986-892D-7869880845CD}.Debug|Win32.Build.0 = Debug|Win32
		{FE82A546-B0F9-4986-892D-7869880845CD}.Release|Win32.ActiveCfg = Release|Win32
		{FE82A546-B0F9-4986-892D-7869880845CD}.Release|Win32.Build.0 = Release|Win32
	EndGlobalSection
	GlobalSection(SolutionProperties) = preSolution
		HideSolutionNode = FALSE
	EndGlobalSection
EndGlobal
